// !$*UTF8*$!
{
	archiveVersion = 1;
	classes = {
	};
	objectVersion = 50;
	objects = {

/* Begin PBXBuildFile section */
		2945A3DE8A748830D280B7F1 /* Pods_ParstagramUITests.framework in Frameworks */ = {isa = PBXBuildFile; fileRef = 3839D78142CC9483D63C2B03 /* Pods_ParstagramUITests.framework */; };
		7CC05426C70166F93788CBE1 /* Pods_ParstagramTests.framework in Frameworks */ = {isa = PBXBuildFile; fileRef = 0E70AE185B3A8F4061E3EA55 /* Pods_ParstagramTests.framework */; };
		857657062214CCAA00628A1F /* AppDelegate.swift in Sources */ = {isa = PBXBuildFile; fileRef = 857657052214CCAA00628A1F /* AppDelegate.swift */; };
		8576570B2214CCAA00628A1F /* Main.storyboard in Resources */ = {isa = PBXBuildFile; fileRef = 857657092214CCAA00628A1F /* Main.storyboard */; };
		8576570D2214CCAD00628A1F /* Assets.xcassets in Resources */ = {isa = PBXBuildFile; fileRef = 8576570C2214CCAD00628A1F /* Assets.xcassets */; };
		857657102214CCAD00628A1F /* LaunchScreen.storyboard in Resources */ = {isa = PBXBuildFile; fileRef = 8576570E2214CCAD00628A1F /* LaunchScreen.storyboard */; };
		8576571B2214CCAD00628A1F /* ParstagramTests.swift in Sources */ = {isa = PBXBuildFile; fileRef = 8576571A2214CCAD00628A1F /* ParstagramTests.swift */; };
		857657262214CCAD00628A1F /* ParstagramUITests.swift in Sources */ = {isa = PBXBuildFile; fileRef = 857657252214CCAD00628A1F /* ParstagramUITests.swift */; };
		85B44CA722168E39008AB7B2 /* LoginViewController.swift in Sources */ = {isa = PBXBuildFile; fileRef = 85B44CA622168E39008AB7B2 /* LoginViewController.swift */; };
		85B44CA922168E49008AB7B2 /* FeedViewController.swift in Sources */ = {isa = PBXBuildFile; fileRef = 85B44CA822168E49008AB7B2 /* FeedViewController.swift */; };
		85B44CAB22169662008AB7B2 /* CameraViewController.swift in Sources */ = {isa = PBXBuildFile; fileRef = 85B44CAA22169662008AB7B2 /* CameraViewController.swift */; };
		85B44CAD22169F26008AB7B2 /* PostCell.swift in Sources */ = {isa = PBXBuildFile; fileRef = 85B44CAC22169F26008AB7B2 /* PostCell.swift */; };
		85DF08CE221E06DF0084033A /* CommentCell.swift in Sources */ = {isa = PBXBuildFile; fileRef = 85DF08CD221E06DF0084033A /* CommentCell.swift */; };
		DC50BDE11949ED5DCFDA27C6 /* Pods_Parstagram.framework in Frameworks */ = {isa = PBXBuildFile; fileRef = B819AC4AE8F36C9C074CE621 /* Pods_Parstagram.framework */; };
/* End PBXBuildFile section */

/* Begin PBXContainerItemProxy section */
		857657172214CCAD00628A1F /* PBXContainerItemProxy */ = {
			isa = PBXContainerItemProxy;
			containerPortal = 857656FA2214CCAA00628A1F /* Project object */;
			proxyType = 1;
			remoteGlobalIDString = 857657012214CCAA00628A1F;
			remoteInfo = Parstagram;
		};
		857657222214CCAD00628A1F /* PBXContainerItemProxy */ = {
			isa = PBXContainerItemProxy;
			containerPortal = 857656FA2214CCAA00628A1F /* Project object */;
			proxyType = 1;
			remoteGlobalIDString = 857657012214CCAA00628A1F;
			remoteInfo = Parstagram;
		};
/* End PBXContainerItemProxy section */

/* Begin PBXFileReference section */
		00F52BF9546DB3686E246499 /* Pods-ParstagramUITests.debug.xcconfig */ = {isa = PBXFileReference; includeInIndex = 1; lastKnownFileType = text.xcconfig; name = "Pods-ParstagramUITests.debug.xcconfig"; path = "Pods/Target Support Files/Pods-ParstagramUITests/Pods-ParstagramUITests.debug.xcconfig"; sourceTree = "<group>"; };
		0E70AE185B3A8F4061E3EA55 /* Pods_ParstagramTests.framework */ = {isa = PBXFileReference; explicitFileType = wrapper.framework; includeInIndex = 0; path = Pods_ParstagramTests.framework; sourceTree = BUILT_PRODUCTS_DIR; };
		3839D78142CC9483D63C2B03 /* Pods_ParstagramUITests.framework */ = {isa = PBXFileReference; explicitFileType = wrapper.framework; includeInIndex = 0; path = Pods_ParstagramUITests.framework; sourceTree = BUILT_PRODUCTS_DIR; };
		45E9D56E729FE9D4A6AF43F8 /* Pods-ParstagramTests.debug.xcconfig */ = {isa = PBXFileReference; includeInIndex = 1; lastKnownFileType = text.xcconfig; name = "Pods-ParstagramTests.debug.xcconfig"; path = "Pods/Target Support Files/Pods-ParstagramTests/Pods-ParstagramTests.debug.xcconfig"; sourceTree = "<group>"; };
		5FA36477C22F8D90EC18E08B /* Pods-ParstagramUITests.release.xcconfig */ = {isa = PBXFileReference; includeInIndex = 1; lastKnownFileType = text.xcconfig; name = "Pods-ParstagramUITests.release.xcconfig"; path = "Pods/Target Support Files/Pods-ParstagramUITests/Pods-ParstagramUITests.release.xcconfig"; sourceTree = "<group>"; };
		79D169882E53B8D9310AC272 /* Pods-ParstagramTests.release.xcconfig */ = {isa = PBXFileReference; includeInIndex = 1; lastKnownFileType = text.xcconfig; name = "Pods-ParstagramTests.release.xcconfig"; path = "Pods/Target Support Files/Pods-ParstagramTests/Pods-ParstagramTests.release.xcconfig"; sourceTree = "<group>"; };
		857657022214CCAA00628A1F /* Parstagram.app */ = {isa = PBXFileReference; explicitFileType = wrapper.application; includeInIndex = 0; path = Parstagram.app; sourceTree = BUILT_PRODUCTS_DIR; };
		857657052214CCAA00628A1F /* AppDelegate.swift */ = {isa = PBXFileReference; lastKnownFileType = sourcecode.swift; path = AppDelegate.swift; sourceTree = "<group>"; };
		8576570A2214CCAA00628A1F /* Base */ = {isa = PBXFileReference; lastKnownFileType = file.storyboard; name = Base; path = Base.lproj/Main.storyboard; sourceTree = "<group>"; };
		8576570C2214CCAD00628A1F /* Assets.xcassets */ = {isa = PBXFileReference; lastKnownFileType = folder.assetcatalog; path = Assets.xcassets; sourceTree = "<group>"; };
		8576570F2214CCAD00628A1F /* Base */ = {isa = PBXFileReference; lastKnownFileType = file.storyboard; name = Base; path = Base.lproj/LaunchScreen.storyboard; sourceTree = "<group>"; };
		857657112214CCAD00628A1F /* Info.plist */ = {isa = PBXFileReference; lastKnownFileType = text.plist.xml; path = Info.plist; sourceTree = "<group>"; };
		857657162214CCAD00628A1F /* ParstagramTests.xctest */ = {isa = PBXFileReference; explicitFileType = wrapper.cfbundle; includeInIndex = 0; path = ParstagramTests.xctest; sourceTree = BUILT_PRODUCTS_DIR; };
		8576571A2214CCAD00628A1F /* ParstagramTests.swift */ = {isa = PBXFileReference; lastKnownFileType = sourcecode.swift; path = ParstagramTests.swift; sourceTree = "<group>"; };
		8576571C2214CCAD00628A1F /* Info.plist */ = {isa = PBXFileReference; lastKnownFileType = text.plist.xml; path = Info.plist; sourceTree = "<group>"; };
		857657212214CCAD00628A1F /* ParstagramUITests.xctest */ = {isa = PBXFileReference; explicitFileType = wrapper.cfbundle; includeInIndex = 0; path = ParstagramUITests.xctest; sourceTree = BUILT_PRODUCTS_DIR; };
		857657252214CCAD00628A1F /* ParstagramUITests.swift */ = {isa = PBXFileReference; lastKnownFileType = sourcecode.swift; path = ParstagramUITests.swift; sourceTree = "<group>"; };
		857657272214CCAD00628A1F /* Info.plist */ = {isa = PBXFileReference; lastKnownFileType = text.plist.xml; path = Info.plist; sourceTree = "<group>"; };
		85B44CA622168E39008AB7B2 /* LoginViewController.swift */ = {isa = PBXFileReference; lastKnownFileType = sourcecode.swift; path = LoginViewController.swift; sourceTree = "<group>"; };
		85B44CA822168E49008AB7B2 /* FeedViewController.swift */ = {isa = PBXFileReference; lastKnownFileType = sourcecode.swift; path = FeedViewController.swift; sourceTree = "<group>"; };
		85B44CAA22169662008AB7B2 /* CameraViewController.swift */ = {isa = PBXFileReference; lastKnownFileType = sourcecode.swift; path = CameraViewController.swift; sourceTree = "<group>"; };
		85B44CAC22169F26008AB7B2 /* PostCell.swift */ = {isa = PBXFileReference; lastKnownFileType = sourcecode.swift; path = PostCell.swift; sourceTree = "<group>"; };
		85DF08CD221E06DF0084033A /* CommentCell.swift */ = {isa = PBXFileReference; lastKnownFileType = sourcecode.swift; path = CommentCell.swift; sourceTree = "<group>"; };
		B819AC4AE8F36C9C074CE621 /* Pods_Parstagram.framework */ = {isa = PBXFileReference; explicitFileType = wrapper.framework; includeInIndex = 0; path = Pods_Parstagram.framework; sourceTree = BUILT_PRODUCTS_DIR; };
		E7B76464CAA57B6E5AF2AD53 /* Pods-Parstagram.debug.xcconfig */ = {isa = PBXFileReference; includeInIndex = 1; lastKnownFileType = text.xcconfig; name = "Pods-Parstagram.debug.xcconfig"; path = "Pods/Target Support Files/Pods-Parstagram/Pods-Parstagram.debug.xcconfig"; sourceTree = "<group>"; };
		FD649389EBCA0F91833F7BF6 /* Pods-Parstagram.release.xcconfig */ = {isa = PBXFileReference; includeInIndex = 1; lastKnownFileType = text.xcconfig; name = "Pods-Parstagram.release.xcconfig"; path = "Pods/Target Support Files/Pods-Parstagram/Pods-Parstagram.release.xcconfig"; sourceTree = "<group>"; };
/* End PBXFileReference section */

/* Begin PBXFrameworksBuildPhase section */
		857656FF2214CCAA00628A1F /* Frameworks */ = {
			isa = PBXFrameworksBuildPhase;
			buildActionMask = 2147483647;
			files = (
				DC50BDE11949ED5DCFDA27C6 /* Pods_Parstagram.framework in Frameworks */,
			);
			runOnlyForDeploymentPostprocessing = 0;
		};
		857657132214CCAD00628A1F /* Frameworks */ = {
			isa = PBXFrameworksBuildPhase;
			buildActionMask = 2147483647;
			files = (
				7CC05426C70166F93788CBE1 /* Pods_ParstagramTests.framework in Frameworks */,
			);
			runOnlyForDeploymentPostprocessing = 0;
		};
		8576571E2214CCAD00628A1F /* Frameworks */ = {
			isa = PBXFrameworksBuildPhase;
			buildActionMask = 2147483647;
			files = (
				2945A3DE8A748830D280B7F1 /* Pods_ParstagramUITests.framework in Frameworks */,
			);
			runOnlyForDeploymentPostprocessing = 0;
		};
/* End PBXFrameworksBuildPhase section */

/* Begin PBXGroup section */
		2AC453E31F2DA4BD215EB23E /* Pods */ = {
			isa = PBXGroup;
			children = (
				E7B76464CAA57B6E5AF2AD53 /* Pods-Parstagram.debug.xcconfig */,
				FD649389EBCA0F91833F7BF6 /* Pods-Parstagram.release.xcconfig */,
				45E9D56E729FE9D4A6AF43F8 /* Pods-ParstagramTests.debug.xcconfig */,
				79D169882E53B8D9310AC272 /* Pods-ParstagramTests.release.xcconfig */,
				00F52BF9546DB3686E246499 /* Pods-ParstagramUITests.debug.xcconfig */,
				5FA36477C22F8D90EC18E08B /* Pods-ParstagramUITests.release.xcconfig */,
			);
			name = Pods;
			sourceTree = "<group>";
		};
		5521B1425FBE326F3DCFFA04 /* Frameworks */ = {
			isa = PBXGroup;
			children = (
				B819AC4AE8F36C9C074CE621 /* Pods_Parstagram.framework */,
				0E70AE185B3A8F4061E3EA55 /* Pods_ParstagramTests.framework */,
				3839D78142CC9483D63C2B03 /* Pods_ParstagramUITests.framework */,
			);
			name = Frameworks;
			sourceTree = "<group>";
		};
		857656F92214CCAA00628A1F = {
			isa = PBXGroup;
			children = (
				857657042214CCAA00628A1F /* Parstagram */,
				857657192214CCAD00628A1F /* ParstagramTests */,
				857657242214CCAD00628A1F /* ParstagramUITests */,
				857657032214CCAA00628A1F /* Products */,
				2AC453E31F2DA4BD215EB23E /* Pods */,
				5521B1425FBE326F3DCFFA04 /* Frameworks */,
			);
			sourceTree = "<group>";
		};
		857657032214CCAA00628A1F /* Products */ = {
			isa = PBXGroup;
			children = (
				857657022214CCAA00628A1F /* Parstagram.app */,
				857657162214CCAD00628A1F /* ParstagramTests.xctest */,
				857657212214CCAD00628A1F /* ParstagramUITests.xctest */,
			);
			name = Products;
			sourceTree = "<group>";
		};
		857657042214CCAA00628A1F /* Parstagram */ = {
			isa = PBXGroup;
			children = (
				857657052214CCAA00628A1F /* AppDelegate.swift */,
				857657092214CCAA00628A1F /* Main.storyboard */,
				8576570C2214CCAD00628A1F /* Assets.xcassets */,
				8576570E2214CCAD00628A1F /* LaunchScreen.storyboard */,
				857657112214CCAD00628A1F /* Info.plist */,
				85B44CA622168E39008AB7B2 /* LoginViewController.swift */,
				85B44CA822168E49008AB7B2 /* FeedViewController.swift */,
				85B44CAA22169662008AB7B2 /* CameraViewController.swift */,
				85B44CAC22169F26008AB7B2 /* PostCell.swift */,
				85DF08CD221E06DF0084033A /* CommentCell.swift */,
			);
			path = Parstagram;
			sourceTree = "<group>";
		};
		857657192214CCAD00628A1F /* ParstagramTests */ = {
			isa = PBXGroup;
			children = (
				8576571A2214CCAD00628A1F /* ParstagramTests.swift */,
				8576571C2214CCAD00628A1F /* Info.plist */,
			);
			path = ParstagramTests;
			sourceTree = "<group>";
		};
		857657242214CCAD00628A1F /* ParstagramUITests */ = {
			isa = PBXGroup;
			children = (
				857657252214CCAD00628A1F /* ParstagramUITests.swift */,
				857657272214CCAD00628A1F /* Info.plist */,
			);
			path = ParstagramUITests;
			sourceTree = "<group>";
		};
/* End PBXGroup section */

/* Begin PBXNativeTarget section */
		857657012214CCAA00628A1F /* Parstagram */ = {
			isa = PBXNativeTarget;
			buildConfigurationList = 8576572A2214CCAD00628A1F /* Build configuration list for PBXNativeTarget "Parstagram" */;
			buildPhases = (
				0A322647ECE403C8D0E3F2E4 /* [CP] Check Pods Manifest.lock */,
				857656FE2214CCAA00628A1F /* Sources */,
				857656FF2214CCAA00628A1F /* Frameworks */,
				857657002214CCAA00628A1F /* Resources */,
				55070D49494B0A664F3584F0 /* [CP] Embed Pods Frameworks */,
			);
			buildRules = (
			);
			dependencies = (
			);
			name = Parstagram;
			productName = Parstagram;
			productReference = 857657022214CCAA00628A1F /* Parstagram.app */;
			productType = "com.apple.product-type.application";
		};
		857657152214CCAD00628A1F /* ParstagramTests */ = {
			isa = PBXNativeTarget;
			buildConfigurationList = 8576572D2214CCAD00628A1F /* Build configuration list for PBXNativeTarget "ParstagramTests" */;
			buildPhases = (
				200B155DEC69748C2B9BBF9B /* [CP] Check Pods Manifest.lock */,
				857657122214CCAD00628A1F /* Sources */,
				857657132214CCAD00628A1F /* Frameworks */,
				857657142214CCAD00628A1F /* Resources */,
			);
			buildRules = (
			);
			dependencies = (
				857657182214CCAD00628A1F /* PBXTargetDependency */,
			);
			name = ParstagramTests;
			productName = ParstagramTests;
			productReference = 857657162214CCAD00628A1F /* ParstagramTests.xctest */;
			productType = "com.apple.product-type.bundle.unit-test";
		};
		857657202214CCAD00628A1F /* ParstagramUITests */ = {
			isa = PBXNativeTarget;
			buildConfigurationList = 857657302214CCAD00628A1F /* Build configuration list for PBXNativeTarget "ParstagramUITests" */;
			buildPhases = (
				65F904CCEB817277C35434BF /* [CP] Check Pods Manifest.lock */,
				8576571D2214CCAD00628A1F /* Sources */,
				8576571E2214CCAD00628A1F /* Frameworks */,
				8576571F2214CCAD00628A1F /* Resources */,
			);
			buildRules = (
			);
			dependencies = (
				857657232214CCAD00628A1F /* PBXTargetDependency */,
			);
			name = ParstagramUITests;
			productName = ParstagramUITests;
			productReference = 857657212214CCAD00628A1F /* ParstagramUITests.xctest */;
			productType = "com.apple.product-type.bundle.ui-testing";
		};
/* End PBXNativeTarget section */

/* Begin PBXProject section */
		857656FA2214CCAA00628A1F /* Project object */ = {
			isa = PBXProject;
			attributes = {
				LastSwiftUpdateCheck = 1010;
				LastUpgradeCheck = 1010;
				ORGANIZATIONNAME = "Justin Leong";
				TargetAttributes = {
					857657012214CCAA00628A1F = {
						CreatedOnToolsVersion = 10.1;
					};
					857657152214CCAD00628A1F = {
						CreatedOnToolsVersion = 10.1;
						TestTargetID = 857657012214CCAA00628A1F;
					};
					857657202214CCAD00628A1F = {
						CreatedOnToolsVersion = 10.1;
						TestTargetID = 857657012214CCAA00628A1F;
					};
				};
			};
			buildConfigurationList = 857656FD2214CCAA00628A1F /* Build configuration list for PBXProject "Parstagram" */;
			compatibilityVersion = "Xcode 9.3";
			developmentRegion = en;
			hasScannedForEncodings = 0;
			knownRegions = (
				en,
				Base,
			);
			mainGroup = 857656F92214CCAA00628A1F;
			productRefGroup = 857657032214CCAA00628A1F /* Products */;
			projectDirPath = "";
			projectRoot = "";
			targets = (
				857657012214CCAA00628A1F /* Parstagram */,
				857657152214CCAD00628A1F /* ParstagramTests */,
				857657202214CCAD00628A1F /* ParstagramUITests */,
			);
		};
/* End PBXProject section */

/* Begin PBXResourcesBuildPhase section */
		857657002214CCAA00628A1F /* Resources */ = {
			isa = PBXResourcesBuildPhase;
			buildActionMask = 2147483647;
			files = (
				857657102214CCAD00628A1F /* LaunchScreen.storyboard in Resources */,
				8576570D2214CCAD00628A1F /* Assets.xcassets in Resources */,
				8576570B2214CCAA00628A1F /* Main.storyboard in Resources */,
			);
			runOnlyForDeploymentPostprocessing = 0;
		};
		857657142214CCAD00628A1F /* Resources */ = {
			isa = PBXResourcesBuildPhase;
			buildActionMask = 2147483647;
			files = (
			);
			runOnlyForDeploymentPostprocessing = 0;
		};
		8576571F2214CCAD00628A1F /* Resources */ = {
			isa = PBXResourcesBuildPhase;
			buildActionMask = 2147483647;
			files = (
			);
			runOnlyForDeploymentPostprocessing = 0;
		};
/* End PBXResourcesBuildPhase section */

/* Begin PBXShellScriptBuildPhase section */
		0A322647ECE403C8D0E3F2E4 /* [CP] Check Pods Manifest.lock */ = {
			isa = PBXShellScriptBuildPhase;
			buildActionMask = 2147483647;
			files = (
			);
			inputFileListPaths = (
			);
			inputPaths = (
				"${PODS_PODFILE_DIR_PATH}/Podfile.lock",
				"${PODS_ROOT}/Manifest.lock",
			);
			name = "[CP] Check Pods Manifest.lock";
			outputFileListPaths = (
			);
			outputPaths = (
				"$(DERIVED_FILE_DIR)/Pods-Parstagram-checkManifestLockResult.txt",
			);
			runOnlyForDeploymentPostprocessing = 0;
			shellPath = /bin/sh;
			shellScript = "diff \"${PODS_PODFILE_DIR_PATH}/Podfile.lock\" \"${PODS_ROOT}/Manifest.lock\" > /dev/null\nif [ $? != 0 ] ; then\n    # print error to STDERR\n    echo \"error: The sandbox is not in sync with the Podfile.lock. Run 'pod install' or update your CocoaPods installation.\" >&2\n    exit 1\nfi\n# This output is used by Xcode 'outputs' to avoid re-running this script phase.\necho \"SUCCESS\" > \"${SCRIPT_OUTPUT_FILE_0}\"\n";
			showEnvVarsInLog = 0;
		};
		200B155DEC69748C2B9BBF9B /* [CP] Check Pods Manifest.lock */ = {
			isa = PBXShellScriptBuildPhase;
			buildActionMask = 2147483647;
			files = (
			);
			inputFileListPaths = (
			);
			inputPaths = (
				"${PODS_PODFILE_DIR_PATH}/Podfile.lock",
				"${PODS_ROOT}/Manifest.lock",
			);
			name = "[CP] Check Pods Manifest.lock";
			outputFileListPaths = (
			);
			outputPaths = (
				"$(DERIVED_FILE_DIR)/Pods-ParstagramTests-checkManifestLockResult.txt",
			);
			runOnlyForDeploymentPostprocessing = 0;
			shellPath = /bin/sh;
			shellScript = "diff \"${PODS_PODFILE_DIR_PATH}/Podfile.lock\" \"${PODS_ROOT}/Manifest.lock\" > /dev/null\nif [ $? != 0 ] ; then\n    # print error to STDERR\n    echo \"error: The sandbox is not in sync with the Podfile.lock. Run 'pod install' or update your CocoaPods installation.\" >&2\n    exit 1\nfi\n# This output is used by Xcode 'outputs' to avoid re-running this script phase.\necho \"SUCCESS\" > \"${SCRIPT_OUTPUT_FILE_0}\"\n";
			showEnvVarsInLog = 0;
		};
		55070D49494B0A664F3584F0 /* [CP] Embed Pods Frameworks */ = {
			isa = PBXShellScriptBuildPhase;
			buildActionMask = 2147483647;
			files = (
			);
			inputFileListPaths = (
			);
			inputPaths = (
				"${SRCROOT}/Pods/Target Support Files/Pods-Parstagram/Pods-Parstagram-frameworks.sh",
				"${BUILT_PRODUCTS_DIR}/Alamofire/Alamofire.framework",
				"${BUILT_PRODUCTS_DIR}/AlamofireImage/AlamofireImage.framework",
				"${BUILT_PRODUCTS_DIR}/Bolts/Bolts.framework",
				"${BUILT_PRODUCTS_DIR}/MessageInputBar/MessageInputBar.framework",
				"${BUILT_PRODUCTS_DIR}/Parse/Parse.framework",
			);
			name = "[CP] Embed Pods Frameworks";
			outputFileListPaths = (
			);
			outputPaths = (
				"${TARGET_BUILD_DIR}/${FRAMEWORKS_FOLDER_PATH}/Alamofire.framework",
				"${TARGET_BUILD_DIR}/${FRAMEWORKS_FOLDER_PATH}/AlamofireImage.framework",
				"${TARGET_BUILD_DIR}/${FRAMEWORKS_FOLDER_PATH}/Bolts.framework",
				"${TARGET_BUILD_DIR}/${FRAMEWORKS_FOLDER_PATH}/MessageInputBar.framework",
				"${TARGET_BUILD_DIR}/${FRAMEWORKS_FOLDER_PATH}/Parse.framework",
			);
			runOnlyForDeploymentPostprocessing = 0;
			shellPath = /bin/sh;
			shellScript = "\"${SRCROOT}/Pods/Target Support Files/Pods-Parstagram/Pods-Parstagram-frameworks.sh\"\n";
			showEnvVarsInLog = 0;
		};
		65F904CCEB817277C35434BF /* [CP] Check Pods Manifest.lock */ = {
			isa = PBXShellScriptBuildPhase;
			buildActionMask = 2147483647;
			files = (
			);
			inputFileListPaths = (
			);
			inputPaths = (
				"${PODS_PODFILE_DIR_PATH}/Podfile.lock",
				"${PODS_ROOT}/Manifest.lock",
			);
			name = "[CP] Check Pods Manifest.lock";
			outputFileListPaths = (
			);
			outputPaths = (
				"$(DERIVED_FILE_DIR)/Pods-ParstagramUITests-checkManifestLockResult.txt",
			);
			runOnlyForDeploymentPostprocessing = 0;
			shellPath = /bin/sh;
			shellScript = "diff \"${PODS_PODFILE_DIR_PATH}/Podfile.lock\" \"${PODS_ROOT}/Manifest.lock\" > /dev/null\nif [ $? != 0 ] ; then\n    # print error to STDERR\n    echo \"error: The sandbox is not in sync with the Podfile.lock. Run 'pod install' or update your CocoaPods installation.\" >&2\n    exit 1\nfi\n# This output is used by Xcode 'outputs' to avoid re-running this script phase.\necho \"SUCCESS\" > \"${SCRIPT_OUTPUT_FILE_0}\"\n";
			showEnvVarsInLog = 0;
		};
/* End PBXShellScriptBuildPhase section */

/* Begin PBXSourcesBuildPhase section */
		857656FE2214CCAA00628A1F /* Sources */ = {
			isa = PBXSourcesBuildPhase;
			buildActionMask = 2147483647;
			files = (
				85B44CA722168E39008AB7B2 /* LoginViewController.swift in Sources */,
				85B44CAB22169662008AB7B2 /* CameraViewController.swift in Sources */,
				85B44CA922168E49008AB7B2 /* FeedViewController.swift in Sources */,
				857657062214CCAA00628A1F /* AppDelegate.swift in Sources */,
				85B44CAD22169F26008AB7B2 /* PostCell.swift in Sources */,
				85DF08CE221E06DF0084033A /* CommentCell.swift in Sources */,
			);
			runOnlyForDeploymentPostprocessing = 0;
		};
		857657122214CCAD00628A1F /* Sources */ = {
			isa = PBXSourcesBuildPhase;
			buildActionMask = 2147483647;
			files = (
				8576571B2214CCAD00628A1F /* ParstagramTests.swift in Sources */,
			);
			runOnlyForDeploymentPostprocessing = 0;
		};
		8576571D2214CCAD00628A1F /* Sources */ = {
			isa = PBXSourcesBuildPhase;
			buildActionMask = 2147483647;
			files = (
				857657262214CCAD00628A1F /* ParstagramUITests.swift in Sources */,
			);
			runOnlyForDeploymentPostprocessing = 0;
		};
/* End PBXSourcesBuildPhase section */

/* Begin PBXTargetDependency section */
		857657182214CCAD00628A1F /* PBXTargetDependency */ = {
			isa = PBXTargetDependency;
			target = 857657012214CCAA00628A1F /* Parstagram */;
			targetProxy = 857657172214CCAD00628A1F /* PBXContainerItemProxy */;
		};
		857657232214CCAD00628A1F /* PBXTargetDependency */ = {
			isa = PBXTargetDependency;
			target = 857657012214CCAA00628A1F /* Parstagram */;
			targetProxy = 857657222214CCAD00628A1F /* PBXContainerItemProxy */;
		};
/* End PBXTargetDependency section */

/* Begin PBXVariantGroup section */
		857657092214CCAA00628A1F /* Main.storyboard */ = {
			isa = PBXVariantGroup;
			children = (
				8576570A2214CCAA00628A1F /* Base */,
			);
			name = Main.storyboard;
			sourceTree = "<group>";
		};
		8576570E2214CCAD00628A1F /* LaunchScreen.storyboard */ = {
			isa = PBXVariantGroup;
			children = (
				8576570F2214CCAD00628A1F /* Base */,
			);
			name = LaunchScreen.storyboard;
			sourceTree = "<group>";
		};
/* End PBXVariantGroup section */

/* Begin XCBuildConfiguration section */
		857657282214CCAD00628A1F /* Debug */ = {
			isa = XCBuildConfiguration;
			buildSettings = {
				ALWAYS_SEARCH_USER_PATHS = NO;
				CLANG_ANALYZER_NONNULL = YES;
				CLANG_ANALYZER_NUMBER_OBJECT_CONVERSION = YES_AGGRESSIVE;
				CLANG_CXX_LANGUAGE_STANDARD = "gnu++14";
				CLANG_CXX_LIBRARY = "libc++";
				CLANG_ENABLE_MODULES = YES;
				CLANG_ENABLE_OBJC_ARC = YES;
				CLANG_ENABLE_OBJC_WEAK = YES;
				CLANG_WARN_BLOCK_CAPTURE_AUTORELEASING = YES;
				CLANG_WARN_BOOL_CONVERSION = YES;
				CLANG_WARN_COMMA = YES;
				CLANG_WARN_CONSTANT_CONVERSION = YES;
				CLANG_WARN_DEPRECATED_OBJC_IMPLEMENTATIONS = YES;
				CLANG_WARN_DIRECT_OBJC_ISA_USAGE = YES_ERROR;
				CLANG_WARN_DOCUMENTATION_COMMENTS = YES;
				CLANG_WARN_EMPTY_BODY = YES;
				CLANG_WARN_ENUM_CONVERSION = YES;
				CLANG_WARN_INFINITE_RECURSION = YES;
				CLANG_WARN_INT_CONVERSION = YES;
				CLANG_WARN_NON_LITERAL_NULL_CONVERSION = YES;
				CLANG_WARN_OBJC_IMPLICIT_RETAIN_SELF = YES;
				CLANG_WARN_OBJC_LITERAL_CONVERSION = YES;
				CLANG_WARN_OBJC_ROOT_CLASS = YES_ERROR;
				CLANG_WARN_RANGE_LOOP_ANALYSIS = YES;
				CLANG_WARN_STRICT_PROTOTYPES = YES;
				CLANG_WARN_SUSPICIOUS_MOVE = YES;
				CLANG_WARN_UNGUARDED_AVAILABILITY = YES_AGGRESSIVE;
				CLANG_WARN_UNREACHABLE_CODE = YES;
				CLANG_WARN__DUPLICATE_METHOD_MATCH = YES;
				CODE_SIGN_IDENTITY = "iPhone Developer";
				COPY_PHASE_STRIP = NO;
				DEBUG_INFORMATION_FORMAT = dwarf;
				ENABLE_STRICT_OBJC_MSGSEND = YES;
				ENABLE_TESTABILITY = YES;
				GCC_C_LANGUAGE_STANDARD = gnu11;
				GCC_DYNAMIC_NO_PIC = NO;
				GCC_NO_COMMON_BLOCKS = YES;
				GCC_OPTIMIZATION_LEVEL = 0;
				GCC_PREPROCESSOR_DEFINITIONS = (
					"DEBUG=1",
					"$(inherited)",
				);
				GCC_WARN_64_TO_32_BIT_CONVERSION = YES;
				GCC_WARN_ABOUT_RETURN_TYPE = YES_ERROR;
				GCC_WARN_UNDECLARED_SELECTOR = YES;
				GCC_WARN_UNINITIALIZED_AUTOS = YES_AGGRESSIVE;
				GCC_WARN_UNUSED_FUNCTION = YES;
				GCC_WARN_UNUSED_VARIABLE = YES;
				IPHONEOS_DEPLOYMENT_TARGET = 12.1;
				MTL_ENABLE_DEBUG_INFO = INCLUDE_SOURCE;
				MTL_FAST_MATH = YES;
				ONLY_ACTIVE_ARCH = YES;
				SDKROOT = iphoneos;
				SWIFT_ACTIVE_COMPILATION_CONDITIONS = DEBUG;
				SWIFT_OPTIMIZATION_LEVEL = "-Onone";
			};
			name = Debug;
		};
		857657292214CCAD00628A1F /* Release */ = {
			isa = XCBuildConfiguration;
			buildSettings = {
				ALWAYS_SEARCH_USER_PATHS = NO;
				CLANG_ANALYZER_NONNULL = YES;
				CLANG_ANALYZER_NUMBER_OBJECT_CONVERSION = YES_AGGRESSIVE;
				CLANG_CXX_LANGUAGE_STANDARD = "gnu++14";
				CLANG_CXX_LIBRARY = "libc++";
				CLANG_ENABLE_MODULES = YES;
				CLANG_ENABLE_OBJC_ARC = YES;
				CLANG_ENABLE_OBJC_WEAK = YES;
				CLANG_WARN_BLOCK_CAPTURE_AUTORELEASING = YES;
				CLANG_WARN_BOOL_CONVERSION = YES;
				CLANG_WARN_COMMA = YES;
				CLANG_WARN_CONSTANT_CONVERSION = YES;
				CLANG_WARN_DEPRECATED_OBJC_IMPLEMENTATIONS = YES;
				CLANG_WARN_DIRECT_OBJC_ISA_USAGE = YES_ERROR;
				CLANG_WARN_DOCUMENTATION_COMMENTS = YES;
				CLANG_WARN_EMPTY_BODY = YES;
				CLANG_WARN_ENUM_CONVERSION = YES;
				CLANG_WARN_INFINITE_RECURSION = YES;
				CLANG_WARN_INT_CONVERSION = YES;
				CLANG_WARN_NON_LITERAL_NULL_CONVERSION = YES;
				CLANG_WARN_OBJC_IMPLICIT_RETAIN_SELF = YES;
				CLANG_WARN_OBJC_LITERAL_CONVERSION = YES;
				CLANG_WARN_OBJC_ROOT_CLASS = YES_ERROR;
				CLANG_WARN_RANGE_LOOP_ANALYSIS = YES;
				CLANG_WARN_STRICT_PROTOTYPES = YES;
				CLANG_WARN_SUSPICIOUS_MOVE = YES;
				CLANG_WARN_UNGUARDED_AVAILABILITY = YES_AGGRESSIVE;
				CLANG_WARN_UNREACHABLE_CODE = YES;
				CLANG_WARN__DUPLICATE_METHOD_MATCH = YES;
				CODE_SIGN_IDENTITY = "iPhone Developer";
				COPY_PHASE_STRIP = NO;
				DEBUG_INFORMATION_FORMAT = "dwarf-with-dsym";
				ENABLE_NS_ASSERTIONS = NO;
				ENABLE_STRICT_OBJC_MSGSEND = YES;
				GCC_C_LANGUAGE_STANDARD = gnu11;
				GCC_NO_COMMON_BLOCKS = YES;
				GCC_WARN_64_TO_32_BIT_CONVERSION = YES;
				GCC_WARN_ABOUT_RETURN_TYPE = YES_ERROR;
				GCC_WARN_UNDECLARED_SELECTOR = YES;
				GCC_WARN_UNINITIALIZED_AUTOS = YES_AGGRESSIVE;
				GCC_WARN_UNUSED_FUNCTION = YES;
				GCC_WARN_UNUSED_VARIABLE = YES;
				IPHONEOS_DEPLOYMENT_TARGET = 12.1;
				MTL_ENABLE_DEBUG_INFO = NO;
				MTL_FAST_MATH = YES;
				SDKROOT = iphoneos;
				SWIFT_COMPILATION_MODE = wholemodule;
				SWIFT_OPTIMIZATION_LEVEL = "-O";
				VALIDATE_PRODUCT = YES;
			};
			name = Release;
		};
		8576572B2214CCAD00628A1F /* Debug */ = {
			isa = XCBuildConfiguration;
			baseConfigurationReference = E7B76464CAA57B6E5AF2AD53 /* Pods-Parstagram.debug.xcconfig */;
			buildSettings = {
				ASSETCATALOG_COMPILER_APPICON_NAME = AppIcon;
				CODE_SIGN_STYLE = Automatic;
				INFOPLIST_FILE = Parstagram/Info.plist;
				LD_RUNPATH_SEARCH_PATHS = (
					"$(inherited)",
					"@executable_path/Frameworks",
				);
				PRODUCT_BUNDLE_IDENTIFIER = "Justin-Leong.Parstagram";
				PRODUCT_NAME = "$(TARGET_NAME)";
				SWIFT_VERSION = 4.2;
				TARGETED_DEVICE_FAMILY = "1,2";
			};
			name = Debug;
		};
		8576572C2214CCAD00628A1F /* Release */ = {
			isa = XCBuildConfiguration;
			baseConfigurationReference = FD649389EBCA0F91833F7BF6 /* Pods-Parstagram.release.xcconfig */;
			buildSettings = {
				ASSETCATALOG_COMPILER_APPICON_NAME = AppIcon;
				CODE_SIGN_STYLE = Automatic;
				INFOPLIST_FILE = Parstagram/Info.plist;
				LD_RUNPATH_SEARCH_PATHS = (
					"$(inherited)",
					"@executable_path/Frameworks",
				);
				PRODUCT_BUNDLE_IDENTIFIER = "Justin-Leong.Parstagram";
				PRODUCT_NAME = "$(TARGET_NAME)";
				SWIFT_VERSION = 4.2;
				TARGETED_DEVICE_FAMILY = "1,2";
			};
			name = Release;
		};
		8576572E2214CCAD00628A1F /* Debug */ = {
			isa = XCBuildConfiguration;
			baseConfigurationReference = 45E9D56E729FE9D4A6AF43F8 /* Pods-ParstagramTests.debug.xcconfig */;
			buildSettings = {
				ALWAYS_EMBED_SWIFT_STANDARD_LIBRARIES = YES;
				BUNDLE_LOADER = "$(TEST_HOST)";
				CODE_SIGN_STYLE = Automatic;
				INFOPLIST_FILE = ParstagramTests/Info.plist;
				LD_RUNPATH_SEARCH_PATHS = (
					"$(inherited)",
					"@executable_path/Frameworks",
					"@loader_path/Frameworks",
				);
				PRODUCT_BUNDLE_IDENTIFIER = "Justin-Leong.ParstagramTests";
				PRODUCT_NAME = "$(TARGET_NAME)";
				SWIFT_VERSION = 4.2;
				TARGETED_DEVICE_FAMILY = "1,2";
				TEST_HOST = "$(BUILT_PRODUCTS_DIR)/Parstagram.app/Parstagram";
			};
			name = Debug;
		};
		8576572F2214CCAD00628A1F /* Release */ = {
			isa = XCBuildConfiguration;
			baseConfigurationReference = 79D169882E53B8D9310AC272 /* Pods-ParstagramTests.release.xcconfig */;
			buildSettings = {
				ALWAYS_EMBED_SWIFT_STANDARD_LIBRARIES = YES;
				BUNDLE_LOADER = "$(TEST_HOST)";
				CODE_SIGN_STYLE = Automatic;
				INFOPLIST_FILE = ParstagramTests/Info.plist;
				LD_RUNPATH_SEARCH_PATHS = (
					"$(inherited)",
					"@executable_path/Frameworks",
					"@loader_path/Frameworks",
				);
				PRODUCT_BUNDLE_IDENTIFIER = "Justin-Leong.ParstagramTests";
				PRODUCT_NAME = "$(TARGET_NAME)";
				SWIFT_VERSION = 4.2;
				TARGETED_DEVICE_FAMILY = "1,2";
				TEST_HOST = "$(BUILT_PRODUCTS_DIR)/Parstagram.app/Parstagram";
			};
			name = Release;
		};
		857657312214CCAD00628A1F /* Debug */ = {
			isa = XCBuildConfiguration;
			baseConfigurationReference = 00F52BF9546DB3686E246499 /* Pods-ParstagramUITests.debug.xcconfig */;
			buildSettings = {
				ALWAYS_EMBED_SWIFT_STANDARD_LIBRARIES = YES;
				CODE_SIGN_STYLE = Automatic;
				INFOPLIST_FILE = ParstagramUITests/Info.plist;
				LD_RUNPATH_SEARCH_PATHS = (
					"$(inherited)",
					"@executable_path/Frameworks",
					"@loader_path/Frameworks",
				);
				PRODUCT_BUNDLE_IDENTIFIER = "Justin-Leong.ParstagramUITests";
				PRODUCT_NAME = "$(TARGET_NAME)";
				SWIFT_VERSION = 4.2;
				TARGETED_DEVICE_FAMILY = "1,2";
				TEST_TARGET_NAME = Parstagram;
			};
			name = Debug;
		};
		857657322214CCAD00628A1F /* Release */ = {
			isa = XCBuildConfiguration;
			baseConfigurationReference = 5FA36477C22F8D90EC18E08B /* Pods-ParstagramUITests.release.xcconfig */;
			buildSettings = {
				ALWAYS_EMBED_SWIFT_STANDARD_LIBRARIES = YES;
				CODE_SIGN_STYLE = Automatic;
				INFOPLIST_FILE = ParstagramUITests/Info.plist;
				LD_RUNPATH_SEARCH_PATHS = (
					"$(inherited)",
					"@executable_path/Frameworks",
					"@loader_path/Frameworks",
				);
				PRODUCT_BUNDLE_IDENTIFIER = "Justin-Leong.ParstagramUITests";
				PRODUCT_NAME = "$(TARGET_NAME)";
				SWIFT_VERSION = 4.2;
				TARGETED_DEVICE_FAMILY = "1,2";
				TEST_TARGET_NAME = Parstagram;
			};
			name = Release;
		};
/* End XCBuildConfiguration section */

/* Begin XCConfigurationList section */
		857656FD2214CCAA00628A1F /* Build configuration list for PBXProject "Parstagram" */ = {
			isa = XCConfigurationList;
			buildConfigurations = (
				857657282214CCAD00628A1F /* Debug */,
				857657292214CCAD00628A1F /* Release */,
			);
			defaultConfigurationIsVisible = 0;
			defaultConfigurationName = Release;
		};
		8576572A2214CCAD00628A1F /* Build configuration list for PBXNativeTarget "Parstagram" */ = {
			isa = XCConfigurationList;
			buildConfigurations = (
				8576572B2214CCAD00628A1F /* Debug */,
				8576572C2214CCAD00628A1F /* Release */,
			);
			defaultConfigurationIsVisible = 0;
			defaultConfigurationName = Release;
		};
		8576572D2214CCAD00628A1F /* Build configuration list for PBXNativeTarget "ParstagramTests" */ = {
			isa = XCConfigurationList;
			buildConfigurations = (
				8576572E2214CCAD00628A1F /* Debug */,
				8576572F2214CCAD00628A1F /* Release */,
			);
			defaultConfigurationIsVisible = 0;
			defaultConfigurationName = Release;
		};
		857657302214CCAD00628A1F /* Build configuration list for PBXNativeTarget "ParstagramUITests" */ = {
			isa = XCConfigurationList;
			buildConfigurations = (
				857657312214CCAD00628A1F /* Debug */,
				857657322214CCAD00628A1F /* Release */,
			);
			defaultConfigurationIsVisible = 0;
			defaultConfigurationName = Release;
		};
/* End XCConfigurationList section */
	};
	rootObject = 857656FA2214CCAA00628A1F /* Project object */;
}
